
Microsoft Visual Studio Solution File, Format Version 12.00
# Visual Studio Version 17
VisualStudioVersion = 17.5.002.0
MinimumVisualStudioVersion = 10.0.40219.1
Project("{9A19103F-16F7-4668-BE54-9A1E7A4F7556}") = "TaskManagementAPI", "TaskManagementAPI.csproj", "{1059B036-61EA-481E-B65E-20BEE740CBDD}"
EndProject
Global
	GlobalSection(SolutionConfigurationPlatforms) = preSolution
		Debug|Any CPU = Debug|Any CPU
		Release|Any CPU = Release|Any CPU
	EndGlobalSection
	GlobalSection(ProjectConfigurationPlatforms) = postSolution
		{1059B036-61EA-481E-B65E-20BEE740CBDD}.Debug|Any CPU.ActiveCfg = Debug|Any CPU
		{1059B036-61EA-481E-B65E-20BEE740CBDD}.Debug|Any CPU.Build.0 = Debug|Any CPU
		{1059B036-61EA-481E-B65E-20BEE740CBDD}.Release|Any CPU.ActiveCfg = Release|Any CPU
		{1059B036-61EA-481E-B65E-20BEE740CBDD}.Release|Any CPU.Build.0 = Release|Any CPU
	EndGlobalSection
	GlobalSection(SolutionProperties) = preSolution
		HideSolutionNode = FALSE
	EndGlobalSection
	GlobalSection(ExtensibilityGlobals) = postSolution
		SolutionGuid = {9120FF37-4E30-44AB-A0C8-D9914CCB5600}
	EndGlobalSection
EndGlobal
